
Microsoft Visual Studio Solution File, Format Version 12.00
# Visual Studio Version 16
VisualStudioVersion = 16.0.31112.23
MinimumVisualStudioVersion = 10.0.40219.1
Project("{FAE04EC0-301F-11D3-BF4B-00C04F79EFBC}") = "InvoiceManager", "InvoiceManager\InvoiceManager.csproj", "{1021601B-2E9B-4262-8294-047E8610DEB6}"
EndProject
Global
	GlobalSection(SolutionConfigurationPlatforms) = preSolution
		Debug|Any CPU = Debug|Any CPU
		Release|Any CPU = Release|Any CPU
	EndGlobalSection
	GlobalSection(ProjectConfigurationPlatforms) = postSolution
		{1021601B-2E9B-4262-8294-047E8610DEB6}.Debug|Any CPU.ActiveCfg = Debug|Any CPU
		{1021601B-2E9B-4262-8294-047E8610DEB6}.Debug|Any CPU.Build.0 = Debug|Any CPU
		{1021601B-2E9B-4262-8294-047E8610DEB6}.Release|Any CPU.ActiveCfg = Release|Any CPU
		{1021601B-2E9B-4262-8294-047E8610DEB6}.Release|Any CPU.Build.0 = Release|Any CPU
	EndGlobalSection
	GlobalSection(SolutionProperties) = preSolution
		HideSolutionNode = FALSE
	EndGlobalSection
	GlobalSection(ExtensibilityGlobals) = postSolution
		SolutionGuid = {3E8EA7F3-5415-4949-86C7-68C0DEC996A0}
	EndGlobalSection
EndGlobal
